
Microsoft Visual Studio Solution File, Format Version 12.00
# Visual Studio Version 17
VisualStudioVersion = 17.0.31903.59
MinimumVisualStudioVersion = 10.0.40219.1
Project("{FAE04EC0-301F-11D3-BF4B-00C04F79EFBC}") = "dotnetapp", "dotnetapp.csproj", "{E5E4738D-62C8-4276-9712-D010C6BC5BEA}"
EndProject
Project("{FAE04EC0-301F-11D3-BF4B-00C04F79EFBC}") = "TestProject", "TestProject\TestProject.csproj", "{CBC3E66C-C5BF-47D7-A516-B3C8255B99C1}"
EndProject
Global
	GlobalSection(SolutionConfigurationPlatforms) = preSolution
		Debug|Any CPU = Debug|Any CPU
		Release|Any CPU = Release|Any CPU
	EndGlobalSection
	GlobalSection(SolutionProperties) = preSolution
		HideSolutionNode = FALSE
	EndGlobalSection
	GlobalSection(ProjectConfigurationPlatforms) = postSolution
		{E5E4738D-62C8-4276-9712-D010C6BC5BEA}.Debug|Any CPU.ActiveCfg = Debug|Any CPU
		{E5E4738D-62C8-4276-9712-D010C6BC5BEA}.Debug|Any CPU.Build.0 = Debug|Any CPU
		{E5E4738D-62C8-4276-9712-D010C6BC5BEA}.Release|Any CPU.ActiveCfg = Release|Any CPU
		{E5E4738D-62C8-4276-9712-D010C6BC5BEA}.Release|Any CPU.Build.0 = Release|Any CPU
		{CBC3E66C-C5BF-47D7-A516-B3C8255B99C1}.Debug|Any CPU.ActiveCfg = Debug|Any CPU
		{CBC3E66C-C5BF-47D7-A516-B3C8255B99C1}.Debug|Any CPU.Build.0 = Debug|Any CPU
		{CBC3E66C-C5BF-47D7-A516-B3C8255B99C1}.Release|Any CPU.ActiveCfg = Release|Any CPU
		{CBC3E66C-C5BF-47D7-A516-B3C8255B99C1}.Release|Any CPU.Build.0 = Release|Any CPU
	EndGlobalSection
EndGlobal
